
Microsoft Visual Studio Solution File, Format Version 12.00
# Visual Studio 2013
VisualStudioVersion = 12.0.21005.1
MinimumVisualStudioVersion = 10.0.40219.1
Project("{FAE04EC0-301F-11D3-BF4B-00C04F79EFBC}") = "NHLWebApi", "NHLWebApi\NHLWebApi.csproj", "{0D372B4D-D1AD-474D-817C-6CC67AE380D3}"
EndProject
Project("{FAE04EC0-301F-11D3-BF4B-00C04F79EFBC}") = "Core", "Core\Core.csproj", "{421BFA31-45DC-48DD-86F4-A659104E9185}"
EndProject
Project("{FAE04EC0-301F-11D3-BF4B-00C04F79EFBC}") = "DAL", "DAL\DAL.csproj", "{50A9EC8B-DEC7-4D07-8DB8-1766379AEEC0}"
EndProject
Global
	GlobalSection(SolutionConfigurationPlatforms) = preSolution
		Debug|Any CPU = Debug|Any CPU
		Release|Any CPU = Release|Any CPU
	EndGlobalSection
	GlobalSection(ProjectConfigurationPlatforms) = postSolution
		{0D372B4D-D1AD-474D-817C-6CC67AE380D3}.Debug|Any CPU.ActiveCfg = Debug|Any CPU
		{0D372B4D-D1AD-474D-817C-6CC67AE380D3}.Debug|Any CPU.Build.0 = Debug|Any CPU
		{0D372B4D-D1AD-474D-817C-6CC67AE380D3}.Release|Any CPU.ActiveCfg = Release|Any CPU
		{0D372B4D-D1AD-474D-817C-6CC67AE380D3}.Release|Any CPU.Build.0 = Release|Any CPU
		{421BFA31-45DC-48DD-86F4-A659104E9185}.Debug|Any CPU.ActiveCfg = Debug|Any CPU
		{421BFA31-45DC-48DD-86F4-A659104E9185}.Debug|Any CPU.Build.0 = Debug|Any CPU
		{421BFA31-45DC-48DD-86F4-A659104E9185}.Release|Any CPU.ActiveCfg = Release|Any CPU
		{421BFA31-45DC-48DD-86F4-A659104E9185}.Release|Any CPU.Build.0 = Release|Any CPU
		{50A9EC8B-DEC7-4D07-8DB8-1766379AEEC0}.Debug|Any CPU.ActiveCfg = Debug|Any CPU
		{50A9EC8B-DEC7-4D07-8DB8-1766379AEEC0}.Debug|Any CPU.Build.0 = Debug|Any CPU
		{50A9EC8B-DEC7-4D07-8DB8-1766379AEEC0}.Release|Any CPU.ActiveCfg = Release|Any CPU
		{50A9EC8B-DEC7-4D07-8DB8-1766379AEEC0}.Release|Any CPU.Build.0 = Release|Any CPU
	EndGlobalSection
	GlobalSection(SolutionProperties) = preSolution
		HideSolutionNode = FALSE
	EndGlobalSection
EndGlobal
